
Microsoft Visual Studio Solution File, Format Version 12.00
# Visual Studio Version 17
VisualStudioVersion = 17.9.34723.18
MinimumVisualStudioVersion = 10.0.40219.1
Project("{FAE04EC0-301F-11D3-BF4B-00C04F79EFBC}") = "WpfApp1", "WpfApp1\WpfApp1.csproj", "{029F8F23-0FFB-4A0B-9D84-325B0EC9961A}"
EndProject
Global
	GlobalSection(SolutionConfigurationPlatforms) = preSolution
		Debug|Any CPU = Debug|Any CPU
		Release|Any CPU = Release|Any CPU
	EndGlobalSection
	GlobalSection(ProjectConfigurationPlatforms) = postSolution
		{029F8F23-0FFB-4A0B-9D84-325B0EC9961A}.Debug|Any CPU.ActiveCfg = Debug|Any CPU
		{029F8F23-0FFB-4A0B-9D84-325B0EC9961A}.Debug|Any CPU.Build.0 = Debug|Any CPU
		{029F8F23-0FFB-4A0B-9D84-325B0EC9961A}.Release|Any CPU.ActiveCfg = Release|Any CPU
		{029F8F23-0FFB-4A0B-9D84-325B0EC9961A}.Release|Any CPU.Build.0 = Release|Any CPU
	EndGlobalSection
	GlobalSection(SolutionProperties) = preSolution
		HideSolutionNode = FALSE
	EndGlobalSection
	GlobalSection(ExtensibilityGlobals) = postSolution
		SolutionGuid = {070E4F44-507D-42B6-9054-CBA415D99E51}
	EndGlobalSection
EndGlobal
